
Microsoft Visual Studio Solution File, Format Version 12.00
# Visual Studio Version 17
VisualStudioVersion = 17.14.36310.24 d17.14
MinimumVisualStudioVersion = 10.0.40219.1
Project("{FAE04EC0-301F-11D3-BF4B-00C04F79EFBC}") = "SanctumVitae", "SanctumVitae.csproj", "{EDDEB5E8-0D7A-4D34-9681-DDD7815AFF52}"
EndProject
Global
	GlobalSection(SolutionConfigurationPlatforms) = preSolution
		Debug|Any CPU = Debug|Any CPU
		Release|Any CPU = Release|Any CPU
	EndGlobalSection
	GlobalSection(ProjectConfigurationPlatforms) = postSolution
		{EDDEB5E8-0D7A-4D34-9681-DDD7815AFF52}.Debug|Any CPU.ActiveCfg = Debug|Any CPU
		{EDDEB5E8-0D7A-4D34-9681-DDD7815AFF52}.Debug|Any CPU.Build.0 = Debug|Any CPU
		{EDDEB5E8-0D7A-4D34-9681-DDD7815AFF52}.Release|Any CPU.ActiveCfg = Release|Any CPU
		{EDDEB5E8-0D7A-4D34-9681-DDD7815AFF52}.Release|Any CPU.Build.0 = Release|Any CPU
	EndGlobalSection
	GlobalSection(SolutionProperties) = preSolution
		HideSolutionNode = FALSE
	EndGlobalSection
	GlobalSection(ExtensibilityGlobals) = postSolution
		SolutionGuid = {6BDA35D0-D3C4-462E-8A7E-4E2267044F41}
	EndGlobalSection
EndGlobal
